{
  "requires": true,
  "lockfileVersion": 1,
  "dependencies": {
    "gsap": {
      "version": "3.6.1",
      "resolved": "https://registry.npmjs.org/gsap/-/gsap-3.6.1.tgz",
      "integrity": "sha512-hCkjk7UVbeEmlpFbiy7lIsh742bwVlMhdCnnQ1CvVOAdURyPX8hXjFZGh/0YzUyAcWPyJPE0/paMhSYtLhGlfA=="
    },
    "vue": {
      "version": "2.6.12",
      "resolved": "https://registry.npmjs.org/vue/-/vue-2.6.12.tgz",
      "integrity": "sha512-uhmLFETqPPNyuLLbsKz6ioJ4q7AZHzD8ZVFNATNyICSZouqP2Sz0rotWQC8UNBF6VGSCs5abnKJoStA6JbCbfg=="
    },
    "vue-bar-graph": {
      "version": "1.3.0",
      "resolved": "https://registry.npmjs.org/vue-bar-graph/-/vue-bar-graph-1.3.0.tgz",
      "integrity": "sha512-xU4875dPrwxhzZ1fHZq7qm/y3aWXUJAP6VwyE5TKKzO9SczWZaM2r0J4ck9pejWe/6xO1YYwRnNnPGIXHgYKJA==",
      "requires": {
        "gsap": "^3.6.1",
        "vue": "^2.6.12"
      }
    }
  }
}
